{
  "requires": true,
  "lockfileVersion": 1,
  "dependencies": {
    "bootstrap-carousel-swipe": {
      "version": "0.0.6",
      "resolved": "https://registry.npmjs.org/bootstrap-carousel-swipe/-/bootstrap-carousel-swipe-0.0.6.tgz",
      "integrity": "sha1-FTn+656kduHRDRwwnWWb0WJZ/wo="
    }
  }
}
